{
  "name": "@pixel-petals/org.template",
  "version": "0.0.1",
  "lockfileVersion": 3,
  "requires": true,
  "packages": {
    "": {
      "name": "@pixel-petals/org.template",
      "version": "0.0.1",
      "workspaces": [
        "utils",
        "packages/*",
        "plugins/*",
        "apps/*"
      ],
      "devDependencies": {
        "@types/node": "26.4.1",
        "typescript": "5.9.3"
      }
    },
    "node_modules/@pixelpetals/arazzo": {
      "resolved": "packages/arazzo",
      "link": true
    },
    "node_modules/@pixelpetals/asyncapi": {
      "resolved": "packages/asyncapi",
      "link": true
    },
    "node_modules/@pixelpetals/graphql": {
      "resolved": "packages/graphql",
      "link": true
    },
    "node_modules/@pixelpetals/mcp": {
      "resolved": "packages/mcp",
      "link": true
    },
    "node_modules/@pixelpetals/openapi": {
      "resolved": "packages/openapi",
      "link": true
    },
    "node_modules/@pixelpetals/protobuf": {
      "resolved": "packages/protobuf",
      "link": true
    },
    "node_modules/@pixelpetals/typeapi": {
      "resolved": "packages/typeapi",
      "link": true
    },
    "node_modules/@types/node": {
      "version": "26.4.1",
      "resolved": "https://registry.npmjs.org/@types/node/-/node-26.4.1.tgz",
      "integrity": "sha512-k97ENvZWtvA6yqz5/FS6a7duDgOPEeOQOc2iKS/nY6mX6qJUKtLnWzQS+Xj6tXweyj6ZcTAK2Qecetnvi9nCLA==",
      "dev": true,
      "license": "MIT",
      "dependencies": {
        "undici-types": "~8.3.0"
      }
    },
    "node_modules/commander": {
      "version": "15.0.0",
      "resolved": "https://registry.npmjs.org/commander/-/commander-15.0.0.tgz",
      "integrity": "sha512-z67u4ZhzCL/Tydu1lJARtEZYWbWaN7oYLHbsuzocr6y4N6WZAagG3RQ4FW61V1/0+jImpj293XfrcYnd1qxtPg==",
      "license": "MIT",
      "engines": {
        "node": ">=22.12.0"
      }
    },
    "node_modules/graphql": {
      "version": "17.0.2",
      "resolved": "https://registry.npmjs.org/graphql/-/graphql-17.0.2.tgz",
      "integrity": "sha512-FRWbddMxfkjiB7z+aQDWIR+E34xo9I8c9mtK2RPv8PmMzKRvrdsreHL/Ui/TmwHJfhHChEtsFPyMHKI+xuarQQ==",
      "license": "MIT",
      "engines": {
        "node": "^22.0.0 || ^24.0.0 || ^25.0.0 || >=26.0.0"
      }
    },
    "node_modules/graphql-2-json-schema": {
      "version": "0.10.0",
      "resolved": "https://registry.npmjs.org/graphql-2-json-schema/-/graphql-2-json-schema-0.10.0.tgz",
      "integrity": "sha512-rpV74HE2ZLC2J+aWJqF+6+yfhu2KRmT1bPXI972dLymAdM1CWGbo835sk3ledBnVf77JIsMIRnrc9HvOSda67g==",
      "license": "MIT",
      "dependencies": {
        "json5": "^2.2.0",
        "lodash": "^4.17.20"
      },
      "engines": {
        "node": ">=8"
      }
    },
    "node_modules/json5": {
      "version": "2.2.3",
      "resolved": "https://registry.npmjs.org/json5/-/json5-2.2.3.tgz",
      "integrity": "sha512-XmOWe7eyHYH14cLdVPoyg+GOH3rYX++KpzrylJwSW98t3Nk+U8XOl8FWKOgwtzdb8lXGf6zYwDUzeHMWfxasyg==",
      "license": "MIT",
      "bin": {
        "json5": "lib/cli.js"
      },
      "engines": {
        "node": ">=6"
      }
    },
    "node_modules/lodash": {
      "version": "4.18.1",
      "resolved": "https://registry.npmjs.org/lodash/-/lodash-4.18.1.tgz",
      "integrity": "sha512-dMInicTPVE8d1e5otfwmmjlxkZoUpiVLwyeTdUsi/Caj/gfzzblBcCE5sRHV/AsjuCmxWrte2TNGSYuCeCq+0Q==",
      "license": "MIT"
    },
    "node_modules/long": {
      "version": "5.3.2",
      "resolved": "https://registry.npmjs.org/long/-/long-5.3.2.tgz",
      "integrity": "sha512-mNAgZ1GmyNhD7AuqnTG3/VQ26o760+ZYBPKjPvugO8+nLbYfX6TVpJPseBvopbdY+qpZ/lKUnmEc1LeZYS3QAA==",
      "license": "Apache-2.0"
    },
    "node_modules/protobufjs": {
      "version": "8.8.0",
      "resolved": "https://registry.npmjs.org/protobufjs/-/protobufjs-8.8.0.tgz",
      "integrity": "sha512-N3xhQ5yyBx3vQq4gubBfASzYhJGNzeDbjqBpu61g7UVylsN/qyffU96TKWD3GbbLOKF82VGNRNvv1+BFgE31Eg==",
      "license": "BSD-3-Clause",
      "dependencies": {
        "long": "^5.3.2"
      },
      "engines": {
        "node": ">=12.0.0"
      }
    },
    "node_modules/typescript": {
      "version": "5.9.3",
      "resolved": "https://registry.npmjs.org/typescript/-/typescript-5.9.3.tgz",
      "integrity": "sha512-jl1vZzPDinLr9eUt3J/t7V6FgNEw9QjvBPdysz9KfQDD41fQrC2Y4vKQdiaUpFT4bXlb1RHhLpp8wtm6M5TgSw==",
      "dev": true,
      "license": "Apache-2.0",
      "bin": {
        "tsc": "bin/tsc",
        "tsserver": "bin/tsserver"
      },
      "engines": {
        "node": ">=14.17"
      }
    },
    "node_modules/undici-types": {
      "version": "8.3.0",
      "resolved": "https://registry.npmjs.org/undici-types/-/undici-types-8.3.0.tgz",
      "integrity": "sha512-j375ScV60dom+YkPFIfTLcOiPxkN/buHz5GobjLhixFuANaNs3C9l4GmrWqejgXWJ7BbJcFYpTEUkS1Ge8bpZQ==",
      "dev": true,
      "license": "MIT"
    },
    "node_modules/utils": {
      "resolved": "utils",
      "link": true
    },
    "node_modules/yaml": {
      "version": "2.9.0",
      "resolved": "https://registry.npmjs.org/yaml/-/yaml-2.9.0.tgz",
      "integrity": "sha512-2AvhNX3mb8zd6Zy7INTtSpl1F15HW6Wnqj0srWlkKLcpYl/gMIMJiyuGq2KeI2YFxUPjdlB+3Lc10seMLtL4cA==",
      "license": "ISC",
      "bin": {
        "yaml": "bin.mjs"
      },
      "engines": {
        "node": ">= 14.6"
      },
      "funding": {
        "url": "https://github.com/sponsors/eemeli"
      }
    },
    "packages/arazzo": {
      "name": "@pixelpetals/arazzo",
      "dependencies": {
        "utils": "*"
      },
      "bin": {
        "arazzo": "bin/cmd.js"
      }
    },
    "packages/asyncapi": {
      "name": "@pixelpetals/asyncapi",
      "dependencies": {
        "utils": "*"
      },
      "bin": {
        "asyncapi": "bin/cmd.js"
      }
    },
    "packages/graphql": {
      "name": "@pixelpetals/graphql",
      "dependencies": {
        "commander": "^15.0.0",
        "graphql": "^17.0.2",
        "graphql-2-json-schema": "^0.10.0",
        "utils": "*"
      },
      "bin": {
        "graphql": "bin/cmd.js"
      }
    },
    "packages/mcp": {
      "name": "@pixelpetals/mcp",
      "dependencies": {
        "utils": "*"
      },
      "bin": {
        "mcp": "bin/cmd.js"
      }
    },
    "packages/openapi": {
      "name": "@pixelpetals/openapi",
      "dependencies": {
        "utils": "*"
      },
      "bin": {
        "openapi": "bin/cmd.js"
      }
    },
    "packages/protobuf": {
      "name": "@pixelpetals/protobuf",
      "dependencies": {
        "commander": "^15.0.0",
        "protobufjs": "^8.8.0",
        "utils": "*"
      },
      "bin": {
        "protobuf": "bin/cmd.js"
      }
    },
    "packages/typeapi": {
      "name": "@pixelpetals/typeapi",
      "dependencies": {
        "commander": "^15.0.0",
        "utils": "*"
      },
      "bin": {
        "typeapi": "bin/cmd.js"
      }
    },
    "utils": {
      "dependencies": {
        "commander": "^15.0.0",
        "yaml": "^2.8.1"
      }
    }
  }
}
