{
  "name": "@pixel-petals/org.template",
  "version": "0.0.1",
  "lockfileVersion": 3,
  "requires": true,
  "packages": {
    "": {
      "name": "@pixel-petals/org.template",
      "version": "0.0.1",
      "workspaces": [
        "utils",
        "packages/*",
        "plugins/*",
        "apps/*"
      ]
    },
    "node_modules/@pixelpetals/openapi": {
      "resolved": "packages/openapi",
      "link": true
    },
    "node_modules/commander": {
      "version": "15.0.0",
      "resolved": "https://registry.npmjs.org/commander/-/commander-15.0.0.tgz",
      "integrity": "sha512-z67u4ZhzCL/Tydu1lJARtEZYWbWaN7oYLHbsuzocr6y4N6WZAagG3RQ4FW61V1/0+jImpj293XfrcYnd1qxtPg==",
      "dev": true,
      "license": "MIT",
      "engines": {
        "node": ">=22.12.0"
      }
    },
    "node_modules/utils": {
      "resolved": "utils",
      "link": true
    },
    "packages/openapi": {
      "name": "@pixelpetals/openapi",
      "bin": {
        "openapi": "bin/cmd.js"
      },
      "devDependencies": {
        "commander": "15.0.0"
      }
    },
    "utils": {}
  }
}
