{
  "name": "@px-petals/api.spec",
  "version": "0.0.1",
  "lockfileVersion": 3,
  "requires": true,
  "packages": {
    "": {
      "name": "@px-petals/api.spec",
      "version": "0.0.1",
      "workspaces": [
        "utils",
        "packages/*",
        "tools/*",
        "apps/*"
      ],
      "devDependencies": {
        "@px-petals/metapak-dependencies": "github:pixel-petals/.dependencies",
        "@px-petals/tools.packager": "github:pixel-petals/tools.packager",
        "@types/node": "26.4.1",
        "metapak": "7.1.1",
        "typescript": "5.9.3"
      }
    },
    "node_modules/@apidevtools/json-schema-ref-parser": {
      "version": "16.0.1",
      "resolved": "https://registry.npmjs.org/@apidevtools/json-schema-ref-parser/-/json-schema-ref-parser-16.0.1.tgz",
      "integrity": "sha512-JmQn9gXVZ83h3IgC+xXVmR4CXWbX1TTyQBj+q4d8BeJqDWSSD/Q3GbkrjhAbXCZxtjnlljOjyy0vio14vQjJtg==",
      "license": "MIT",
      "dependencies": {
        "js-yaml": "^5.2.3",
        "undici": "^8.10.0"
      },
      "engines": {
        "node": ">=22.19.0"
      },
      "peerDependencies": {
        "@types/json-schema": "^7.0.15"
      }
    },
    "node_modules/@babel/runtime": {
      "version": "7.29.7",
      "resolved": "https://registry.npmjs.org/@babel/runtime/-/runtime-7.29.7.tgz",
      "integrity": "sha512-Nq8OhGWiZIZGV6hLHoyAKLLcJihP/xFeBMGJoUrxTX2psI8dCifzLhZISFb+VWS3wFMRDmCGw5R+dOySCqPLhw==",
      "license": "MIT",
      "engines": {
        "node": ">=6.9.0"
      }
    },
    "node_modules/@px-petals/api.arazzo": {
      "resolved": "packages/arazzo",
      "link": true
    },
    "node_modules/@px-petals/api.asyncapi": {
      "resolved": "packages/asyncapi",
      "link": true
    },
    "node_modules/@px-petals/api.graphql": {
      "resolved": "packages/graphql",
      "link": true
    },
    "node_modules/@px-petals/api.mcp": {
      "resolved": "packages/mcp",
      "link": true
    },
    "node_modules/@px-petals/api.openapi": {
      "resolved": "packages/openapi",
      "link": true
    },
    "node_modules/@px-petals/api.protobuf": {
      "resolved": "packages/protobuf",
      "link": true
    },
    "node_modules/@px-petals/api.typeapi": {
      "resolved": "packages/typeapi",
      "link": true
    },
    "node_modules/@px-petals/api.utils": {
      "resolved": "utils",
      "link": true
    },
    "node_modules/@px-petals/metapak-dependencies": {
      "version": "0.1.0",
      "resolved": "git+ssh://git@github.com/pixel-petals/.dependencies.git#9f7f3fbe33b382c437add4dbbf1b0d3273d9f1df",
      "dev": true,
      "bin": {
        "metapak-px": "src/cli/metapak.js"
      },
      "engines": {
        "node": ">=24.14.0"
      },
      "peerDependencies": {
        "metapak": "^7.1.1"
      }
    },
    "node_modules/@px-petals/tools.packager": {
      "version": "0.1.0",
      "resolved": "git+ssh://git@github.com/pixel-petals/tools.packager.git#515eb9b87a17f8d3d579e7128c3a6e4e0e7a8e59",
      "dev": true,
      "workspaces": [
        "src/apps/*",
        "src/packages/*",
        "src/plugins/*",
        "src/utils/*",
        "tests/*",
        "tools/*"
      ],
      "dependencies": {
        "semver": "7.8.5"
      },
      "bin": {
        "packager": "src/packages/local/src/cli.js"
      },
      "engines": {
        "node": ">=24"
      }
    },
    "node_modules/@redocly/ajv": {
      "version": "8.18.3",
      "resolved": "https://registry.npmjs.org/@redocly/ajv/-/ajv-8.18.3.tgz",
      "integrity": "sha512-l42u0of3hY98sN2A+M4qTX1O/KrpgGH32Hu9kP2GtHyD5Dfqq86PKFLe5dwaD8DEnNmlOlll2BAmeEtf0DaySg==",
      "license": "MIT",
      "dependencies": {
        "fast-deep-equal": "^3.1.3",
        "fast-uri": "^3.0.1",
        "json-schema-traverse": "^1.0.0",
        "require-from-string": "^2.0.2"
      },
      "funding": {
        "type": "github",
        "url": "https://github.com/sponsors/epoberezkin"
      }
    },
    "node_modules/@redocly/config": {
      "version": "0.55.0",
      "resolved": "https://registry.npmjs.org/@redocly/config/-/config-0.55.0.tgz",
      "integrity": "sha512-PlaCpehzQoe6R9YksDI5gW4mfTA2UfnpCGldXXs7/axeyPdAK/T2UpfsSD9sOedKaq6VF9jtE9qXmnH71CAclg==",
      "license": "MIT",
      "dependencies": {
        "json-schema-to-ts": "2.7.2"
      }
    },
    "node_modules/@redocly/openapi-core": {
      "version": "2.51.1",
      "resolved": "https://registry.npmjs.org/@redocly/openapi-core/-/openapi-core-2.51.1.tgz",
      "integrity": "sha512-zYuXCK+WDYXy3FzjLF7pPTtAsMdSP77kPb0VFY4ZcysRrpWywYrwAzjvxAfLkdqO5Ab1ZTZpHCb/COEjuiYcmg==",
      "license": "MIT",
      "dependencies": {
        "@redocly/ajv": "^8.18.3",
        "@redocly/config": "^0.55.0",
        "ajv": "npm:@redocly/ajv@^8.18.3",
        "ajv-formats": "^3.0.1",
        "colorette": "^1.2.0",
        "graphql": "^16.14.1",
        "js-levenshtein": "^1.1.6",
        "js-yaml": "^5.2.2",
        "picomatch": "^4.0.4",
        "pluralize": "^8.0.0",
        "yaml-ast-parser": "0.0.43"
      },
      "engines": {
        "node": ">=22.12.0 || >=20.19.0 <21.0.0",
        "npm": ">=10"
      }
    },
    "node_modules/@redocly/openapi-core/node_modules/graphql": {
      "version": "16.14.2",
      "resolved": "https://registry.npmjs.org/graphql/-/graphql-16.14.2.tgz",
      "integrity": "sha512-Chq1s4CY7jmh8gO2qvLIJyfCDIN+EHLFW/9iShnp1z8FjBQMoodWP1kDC36VAMXXIvAjj4ARa7ntfAV2BrjsbA==",
      "license": "MIT",
      "engines": {
        "node": "^12.22.0 || ^14.16.0 || ^16.0.0 || >=17.0.0"
      }
    },
    "node_modules/@types/json-schema": {
      "version": "7.0.15",
      "resolved": "https://registry.npmjs.org/@types/json-schema/-/json-schema-7.0.15.tgz",
      "integrity": "sha512-5+fP8P8MFNC+AyZCDxrB2pkZFPGzqQWUzpSeuuVLvm8VMcorNYavBqoFcxK8bQz4Qsbn4oUEEem4wDLfcysGHA==",
      "license": "MIT"
    },
    "node_modules/@types/node": {
      "version": "26.4.1",
      "resolved": "https://registry.npmjs.org/@types/node/-/node-26.4.1.tgz",
      "integrity": "sha512-k97ENvZWtvA6yqz5/FS6a7duDgOPEeOQOc2iKS/nY6mX6qJUKtLnWzQS+Xj6tXweyj6ZcTAK2Qecetnvi9nCLA==",
      "dev": true,
      "license": "MIT",
      "dependencies": {
        "undici-types": "~8.3.0"
      }
    },
    "node_modules/ajv": {
      "name": "@redocly/ajv",
      "version": "8.18.3",
      "resolved": "https://registry.npmjs.org/@redocly/ajv/-/ajv-8.18.3.tgz",
      "integrity": "sha512-l42u0of3hY98sN2A+M4qTX1O/KrpgGH32Hu9kP2GtHyD5Dfqq86PKFLe5dwaD8DEnNmlOlll2BAmeEtf0DaySg==",
      "license": "MIT",
      "dependencies": {
        "fast-deep-equal": "^3.1.3",
        "fast-uri": "^3.0.1",
        "json-schema-traverse": "^1.0.0",
        "require-from-string": "^2.0.2"
      },
      "funding": {
        "type": "github",
        "url": "https://github.com/sponsors/epoberezkin"
      }
    },
    "node_modules/ajv-formats": {
      "version": "3.0.1",
      "resolved": "https://registry.npmjs.org/ajv-formats/-/ajv-formats-3.0.1.tgz",
      "integrity": "sha512-8iUql50EUR+uUcdRQ3HDqa6EVyo3docL8g5WJ3FNcWmu62IbkGUue/pEyLBW8VGKKucTPgqeks4fIU1DA4yowQ==",
      "license": "MIT",
      "dependencies": {
        "ajv": "^8.0.0"
      },
      "peerDependencies": {
        "ajv": "^8.0.0"
      },
      "peerDependenciesMeta": {
        "ajv": {
          "optional": true
        }
      }
    },
    "node_modules/application-services": {
      "version": "9.2.0",
      "resolved": "https://registry.npmjs.org/application-services/-/application-services-9.2.0.tgz",
      "integrity": "sha512-XDhwSxuc0J04f98hcCmx4AOHHoiDBEjb2kSz0nc0H/V6nti4RgQxT8rRu/BVwZYStdlv4L78FZkAWssg20/1QQ==",
      "dev": true,
      "license": "MIT",
      "dependencies": {
        "common-services": "^20.1.0",
        "dotenv": "^17.4.2",
        "knifecycle": "^21.4.0",
        "package-directory": "^8.2.0",
        "yerror": "^11.0.0"
      },
      "engines": {
        "node": ">=24.14.0"
      },
      "funding": {
        "type": "individual",
        "url": "https://github.com/sponsors/nfroidure"
      }
    },
    "node_modules/argparse": {
      "version": "2.0.1",
      "resolved": "https://registry.npmjs.org/argparse/-/argparse-2.0.1.tgz",
      "integrity": "sha512-8+9WqebbFzpX9OR+Wa6O29asIogeRMzcGtAINdpMHHyAg10f05aSFVBbcEqGf/PXw1EjAZ+q2/bEBg3DvurK3Q==",
      "license": "Python-2.0"
    },
    "node_modules/balanced-match": {
      "version": "4.0.4",
      "resolved": "https://registry.npmjs.org/balanced-match/-/balanced-match-4.0.4.tgz",
      "integrity": "sha512-BLrgEcRTwX2o6gGxGOCNyMvGSp35YofuYzw9h1IMTRmKqttAZZVU67bdb9Pr2vUHA8+j3i2tJfjO6C6+4myGTA==",
      "dev": true,
      "license": "MIT",
      "engines": {
        "node": "18 || 20 || >=22"
      }
    },
    "node_modules/brace-expansion": {
      "version": "5.0.12",
      "resolved": "https://registry.npmjs.org/brace-expansion/-/brace-expansion-5.0.12.tgz",
      "integrity": "sha512-YovQ3rzhaLMIrDjNDMkNS01tea93qhEhG5xy8f6+R0l+dw3Ki+5sCoIoI942iuLZTHWogWktgwVDhU09iNEimQ==",
      "dev": true,
      "license": "MIT",
      "dependencies": {
        "balanced-match": "^4.0.2"
      },
      "engines": {
        "node": "20 || >=22"
      }
    },
    "node_modules/chalk": {
      "version": "5.6.2",
      "resolved": "https://registry.npmjs.org/chalk/-/chalk-5.6.2.tgz",
      "integrity": "sha512-7NzBL0rN6fMUW+f7A6Io4h40qQlG+xGmtMxfbnH/K7TAtt8JQWVQK+6g0UXKMeVJoyV5EkkNsErQ8pVD3bLHbA==",
      "dev": true,
      "license": "MIT",
      "engines": {
        "node": "^12.17.0 || ^14.13 || >=16.0.0"
      },
      "funding": {
        "url": "https://github.com/chalk/chalk?sponsor=1"
      }
    },
    "node_modules/colorette": {
      "version": "1.4.0",
      "resolved": "https://registry.npmjs.org/colorette/-/colorette-1.4.0.tgz",
      "integrity": "sha512-Y2oEozpomLn7Q3HFP7dpww7AtMJplbM9lGZP6RDfHqmbeRjiwRg4n6VM6j4KLmRke85uWEI7JqF17f3pqdRA0g==",
      "license": "MIT"
    },
    "node_modules/commander": {
      "version": "15.0.0",
      "resolved": "https://registry.npmjs.org/commander/-/commander-15.0.0.tgz",
      "integrity": "sha512-z67u4ZhzCL/Tydu1lJARtEZYWbWaN7oYLHbsuzocr6y4N6WZAagG3RQ4FW61V1/0+jImpj293XfrcYnd1qxtPg==",
      "license": "MIT",
      "engines": {
        "node": ">=22.12.0"
      }
    },
    "node_modules/common-services": {
      "version": "20.1.0",
      "resolved": "https://registry.npmjs.org/common-services/-/common-services-20.1.0.tgz",
      "integrity": "sha512-obJhJxjWhc+GNE2XQUyjkhusrJBUOTllS7G9kLhE6KW+anSOhFXdhLXQWWmTEgMNJDa0vVG541TF1Lm4HsWjXQ==",
      "dev": true,
      "license": "MIT",
      "dependencies": {
        "knifecycle": "^21.4.0",
        "type-fest": "^5.8.0",
        "yerror": "^11.0.0"
      },
      "engines": {
        "node": ">=24.14.0"
      },
      "funding": {
        "type": "individual",
        "url": "https://github.com/sponsors/nfroidure"
      }
    },
    "node_modules/debug": {
      "version": "4.4.3",
      "resolved": "https://registry.npmjs.org/debug/-/debug-4.4.3.tgz",
      "integrity": "sha512-RGwwWnwQvkVfavKVt22FGLw+xYSdzARwm0ru6DhTVA3umU5hZc28V3kO4stgYryrTlLpuvgI9GiijltAjNbcqA==",
      "dev": true,
      "license": "MIT",
      "dependencies": {
        "ms": "^2.1.3"
      },
      "engines": {
        "node": ">=6.0"
      },
      "peerDependenciesMeta": {
        "supports-color": {
          "optional": true
        }
      }
    },
    "node_modules/diff": {
      "version": "9.0.0",
      "resolved": "https://registry.npmjs.org/diff/-/diff-9.0.0.tgz",
      "integrity": "sha512-svtcdpS8CgJyqAjEQIXdb3OjhFVVYjzGAPO8WGCmRbrml64SPw/jJD4GoE98aR7r25A0XcgrK3F02yw9R/vhQw==",
      "dev": true,
      "license": "BSD-3-Clause",
      "engines": {
        "node": ">=0.3.1"
      }
    },
    "node_modules/dotenv": {
      "version": "17.4.2",
      "resolved": "https://registry.npmjs.org/dotenv/-/dotenv-17.4.2.tgz",
      "integrity": "sha512-nI4U3TottKAcAD9LLud4Cb7b2QztQMUEfHbvhTH09bqXTxnSie8WnjPALV/WMCrJZ6UV/qHJ6L03OqO3LcdYZw==",
      "dev": true,
      "license": "BSD-2-Clause",
      "engines": {
        "node": ">=12"
      },
      "funding": {
        "url": "https://dotenvx.com"
      }
    },
    "node_modules/fast-deep-equal": {
      "version": "3.1.3",
      "resolved": "https://registry.npmjs.org/fast-deep-equal/-/fast-deep-equal-3.1.3.tgz",
      "integrity": "sha512-f3qQ9oQy9j2AhBe/H9VC91wLmKBCCU/gDOnKNAYG5hswO7BLKj09Hc5HYNz9cGI++xlpDCIgDaitVs03ATR84Q==",
      "license": "MIT"
    },
    "node_modules/fast-uri": {
      "version": "3.1.7",
      "resolved": "https://registry.npmjs.org/fast-uri/-/fast-uri-3.1.7.tgz",
      "integrity": "sha512-dOvZVzjdZdz7phd9v6jCbwxrBW3fK6n8Rc0CtdmM4bumzMnxywBYhuph6J819RRw/ku+rLbelwfMunktuzVVHg==",
      "funding": [
        {
          "type": "github",
          "url": "https://github.com/sponsors/fastify"
        },
        {
          "type": "opencollective",
          "url": "https://opencollective.com/fastify"
        }
      ],
      "license": "BSD-3-Clause"
    },
    "node_modules/find-up-simple": {
      "version": "1.0.1",
      "resolved": "https://registry.npmjs.org/find-up-simple/-/find-up-simple-1.0.1.tgz",
      "integrity": "sha512-afd4O7zpqHeRyg4PfDQsXmlDe2PfdHtJt6Akt8jOWaApLOZk5JXs6VMR29lz03pRe9mpykrRCYIYxaJYcfpncQ==",
      "dev": true,
      "license": "MIT",
      "engines": {
        "node": ">=18"
      },
      "funding": {
        "url": "https://github.com/sponsors/sindresorhus"
      }
    },
    "node_modules/glob": {
      "version": "13.0.6",
      "resolved": "https://registry.npmjs.org/glob/-/glob-13.0.6.tgz",
      "integrity": "sha512-Wjlyrolmm8uDpm/ogGyXZXb1Z+Ca2B8NbJwqBVg0axK9GbBeoS7yGV6vjXnYdGm6X53iehEuxxbyiKp8QmN4Vw==",
      "dev": true,
      "license": "BlueOak-1.0.0",
      "dependencies": {
        "minimatch": "^10.2.2",
        "minipass": "^7.1.3",
        "path-scurry": "^2.0.2"
      },
      "engines": {
        "node": "18 || 20 || >=22"
      },
      "funding": {
        "url": "https://github.com/sponsors/isaacs"
      }
    },
    "node_modules/graphql": {
      "version": "17.0.2",
      "resolved": "https://registry.npmjs.org/graphql/-/graphql-17.0.2.tgz",
      "integrity": "sha512-FRWbddMxfkjiB7z+aQDWIR+E34xo9I8c9mtK2RPv8PmMzKRvrdsreHL/Ui/TmwHJfhHChEtsFPyMHKI+xuarQQ==",
      "license": "MIT",
      "engines": {
        "node": "^22.0.0 || ^24.0.0 || ^25.0.0 || >=26.0.0"
      }
    },
    "node_modules/is-plain-obj": {
      "version": "4.1.0",
      "resolved": "https://registry.npmjs.org/is-plain-obj/-/is-plain-obj-4.1.0.tgz",
      "integrity": "sha512-+Pgi+vMuUNkJyExiMBt5IlFoMyKnr5zhJ4Uspz58WOhBF5QoIZkFyNHIbBAtHwzVAgk5RtndVNsDRN61/mmDqg==",
      "dev": true,
      "license": "MIT",
      "engines": {
        "node": ">=12"
      },
      "funding": {
        "url": "https://github.com/sponsors/sindresorhus"
      }
    },
    "node_modules/js-levenshtein": {
      "version": "1.1.6",
      "resolved": "https://registry.npmjs.org/js-levenshtein/-/js-levenshtein-1.1.6.tgz",
      "integrity": "sha512-X2BB11YZtrRqY4EnQcLX5Rh373zbK4alC1FW7D7MBhL2gtcC17cTnr6DmfHZeS0s2rTHjUTMMHfG7gO8SSdw+g==",
      "license": "MIT",
      "engines": {
        "node": ">=0.10.0"
      }
    },
    "node_modules/js-yaml": {
      "version": "5.4.1",
      "resolved": "https://registry.npmjs.org/js-yaml/-/js-yaml-5.4.1.tgz",
      "integrity": "sha512-28R/k+NAjeuf7+CKlTxWZVExJGwVVLwY06DgEnOMz2gEpfNkDcD7QvyiVPT0xy0XXhU8vHsd4Ot42OOPdJG7dQ==",
      "funding": [
        {
          "type": "github",
          "url": "https://github.com/sponsors/puzrin"
        },
        {
          "type": "github",
          "url": "https://github.com/sponsors/nodeca"
        }
      ],
      "license": "MIT",
      "dependencies": {
        "argparse": "^2.0.1"
      },
      "bin": {
        "js-yaml": "bin/js-yaml.mjs"
      }
    },
    "node_modules/json-schema-to-ts": {
      "version": "2.7.2",
      "resolved": "https://registry.npmjs.org/json-schema-to-ts/-/json-schema-to-ts-2.7.2.tgz",
      "integrity": "sha512-R1JfqKqbBR4qE8UyBR56Ms30LL62/nlhoz+1UkfI/VE7p54Awu919FZ6ZUPG8zIa3XB65usPJgr1ONVncUGSaQ==",
      "license": "MIT",
      "dependencies": {
        "@babel/runtime": "^7.18.3",
        "@types/json-schema": "^7.0.9",
        "ts-algebra": "^1.2.0"
      },
      "engines": {
        "node": ">=16"
      }
    },
    "node_modules/json-schema-traverse": {
      "version": "1.0.0",
      "resolved": "https://registry.npmjs.org/json-schema-traverse/-/json-schema-traverse-1.0.0.tgz",
      "integrity": "sha512-NM8/P9n3XjXhIZn1lLhkFaACTOURQXjWhV4BA/RnOv8xvgqtqpAX9IO4mRQxSx1Rlo4tqzeqb0sOlruaOy3dug==",
      "license": "MIT"
    },
    "node_modules/knifecycle": {
      "version": "21.4.0",
      "resolved": "https://registry.npmjs.org/knifecycle/-/knifecycle-21.4.0.tgz",
      "integrity": "sha512-g+4KcsauYTA+4+mMYicESx98uUBdRAJ4tJR/0/cnKgj27HCiVEmpsX+PYWcDHduzI7lBlYOd4sV1RAHirF4vJw==",
      "dev": true,
      "license": "MIT",
      "dependencies": {
        "debug": "^4.4.3",
        "yerror": "^11.0.0"
      },
      "engines": {
        "node": ">=24.14.0"
      },
      "funding": {
        "type": "individual",
        "url": "https://github.com/sponsors/nfroidure"
      }
    },
    "node_modules/long": {
      "version": "5.3.2",
      "resolved": "https://registry.npmjs.org/long/-/long-5.3.2.tgz",
      "integrity": "sha512-mNAgZ1GmyNhD7AuqnTG3/VQ26o760+ZYBPKjPvugO8+nLbYfX6TVpJPseBvopbdY+qpZ/lKUnmEc1LeZYS3QAA==",
      "license": "Apache-2.0"
    },
    "node_modules/lru-cache": {
      "version": "11.5.3",
      "resolved": "https://registry.npmjs.org/lru-cache/-/lru-cache-11.5.3.tgz",
      "integrity": "sha512-U4N8FgzmWxc8k1VH8Kr6lQg18U7Fjvby6wXHVRX/ZZ7IwWbRMgrRbP0Wrb5q5NVinryp4SQampHKdvtecItxUg==",
      "dev": true,
      "license": "BlueOak-1.0.0",
      "engines": {
        "node": "20 || >=22"
      }
    },
    "node_modules/metapak": {
      "version": "7.1.1",
      "resolved": "https://registry.npmjs.org/metapak/-/metapak-7.1.1.tgz",
      "integrity": "sha512-1COTRiTokASmlqJSq3+Vf9Q36WMy+JhojUl50UeTDLD4mpYkWvy7Fa06//OwvbJYaxVQWOU0xeM49LON9p6QZA==",
      "dev": true,
      "license": "MIT",
      "dependencies": {
        "application-services": "^9.0.1",
        "chalk": "^5.6.2",
        "commander": "^14.0.3",
        "common-services": "^20.0.0",
        "debug": "^4.4.3",
        "diff": "^9.0.0",
        "glob": "^13.0.6",
        "knifecycle": "^21.1.0",
        "mkdirp": "^3.0.1",
        "sort-keys": "^6.0.0",
        "type-fest": "^5.6.0",
        "yerror": "^11.0.0"
      },
      "bin": {
        "metapak": "bin/metapak.js"
      },
      "engines": {
        "node": ">=24.14.0"
      },
      "funding": {
        "type": "individual",
        "url": "https://github.com/sponsors/nfroidure"
      }
    },
    "node_modules/metapak/node_modules/commander": {
      "version": "14.0.3",
      "resolved": "https://registry.npmjs.org/commander/-/commander-14.0.3.tgz",
      "integrity": "sha512-H+y0Jo/T1RZ9qPP4Eh1pkcQcLRglraJaSLoyOtHxu6AapkjWVCy2Sit1QQ4x3Dng8qDlSsZEet7g5Pq06MvTgw==",
      "dev": true,
      "license": "MIT",
      "engines": {
        "node": ">=20"
      }
    },
    "node_modules/minimatch": {
      "version": "10.2.6",
      "resolved": "https://registry.npmjs.org/minimatch/-/minimatch-10.2.6.tgz",
      "integrity": "sha512-vpLQEs+VLCr1nU0BXS07maYoFwlDAH0gngQuuttxIwutDFEMHq2blX+8vpgxDdK3J1PwjCJiep77OitTZ4Ll1A==",
      "dev": true,
      "license": "BlueOak-1.0.0",
      "dependencies": {
        "brace-expansion": "^5.0.8"
      },
      "engines": {
        "node": "18 || 20 || >=22"
      },
      "funding": {
        "url": "https://github.com/sponsors/isaacs"
      }
    },
    "node_modules/minipass": {
      "version": "7.1.3",
      "resolved": "https://registry.npmjs.org/minipass/-/minipass-7.1.3.tgz",
      "integrity": "sha512-tEBHqDnIoM/1rXME1zgka9g6Q2lcoCkxHLuc7ODJ5BxbP5d4c2Z5cGgtXAku59200Cx7diuHTOYfSBD8n6mm8A==",
      "dev": true,
      "license": "BlueOak-1.0.0",
      "engines": {
        "node": ">=16 || 14 >=14.17"
      }
    },
    "node_modules/mkdirp": {
      "version": "3.0.1",
      "resolved": "https://registry.npmjs.org/mkdirp/-/mkdirp-3.0.1.tgz",
      "integrity": "sha512-+NsyUUAZDmo6YVHzL/stxSu3t9YS1iljliy3BSDrXJ/dkn1KYdmtZODGGjLcc9XLgVVpH4KshHB8XmZgMhaBXg==",
      "dev": true,
      "license": "MIT",
      "bin": {
        "mkdirp": "dist/cjs/src/bin.js"
      },
      "engines": {
        "node": ">=10"
      },
      "funding": {
        "url": "https://github.com/sponsors/isaacs"
      }
    },
    "node_modules/ms": {
      "version": "2.1.3",
      "resolved": "https://registry.npmjs.org/ms/-/ms-2.1.3.tgz",
      "integrity": "sha512-6FlzubTLZG3J2a/NVCAleEhjzq5oxgHyaCU9yYXvcLsvoVaHJq/s5xXI6/XXP6tz7R9xAOtHnSO/tXtF3WRTlA==",
      "dev": true,
      "license": "MIT"
    },
    "node_modules/package-directory": {
      "version": "8.2.0",
      "resolved": "https://registry.npmjs.org/package-directory/-/package-directory-8.2.0.tgz",
      "integrity": "sha512-qJSu5Mo6tHmRxCy2KCYYKYgcfBdUpy9dwReaZD/xwf608AUk/MoRtIOWzgDtUeGeC7n/55yC3MI1Q+MbSoektw==",
      "dev": true,
      "license": "MIT",
      "dependencies": {
        "find-up-simple": "^1.0.0"
      },
      "engines": {
        "node": ">=18"
      },
      "funding": {
        "url": "https://github.com/sponsors/sindresorhus"
      }
    },
    "node_modules/path-scurry": {
      "version": "2.0.2",
      "resolved": "https://registry.npmjs.org/path-scurry/-/path-scurry-2.0.2.tgz",
      "integrity": "sha512-3O/iVVsJAPsOnpwWIeD+d6z/7PmqApyQePUtCndjatj/9I5LylHvt5qluFaBT3I5h3r1ejfR056c+FCv+NnNXg==",
      "dev": true,
      "license": "BlueOak-1.0.0",
      "dependencies": {
        "lru-cache": "^11.0.0",
        "minipass": "^7.1.2"
      },
      "engines": {
        "node": "18 || 20 || >=22"
      },
      "funding": {
        "url": "https://github.com/sponsors/isaacs"
      }
    },
    "node_modules/picomatch": {
      "version": "4.0.7",
      "resolved": "https://registry.npmjs.org/picomatch/-/picomatch-4.0.7.tgz",
      "integrity": "sha512-qcJu88Q2IWqJsDD529JKMdwGm/dvInW4HvQnRwiH9JtihJvzGOscDtHE3x1pBKeUOTysQ8kVmLnJ2kJu7yhcGA==",
      "license": "MIT",
      "engines": {
        "node": ">=12"
      },
      "funding": {
        "url": "https://github.com/sponsors/jonschlinkert"
      }
    },
    "node_modules/pluralize": {
      "version": "8.0.0",
      "resolved": "https://registry.npmjs.org/pluralize/-/pluralize-8.0.0.tgz",
      "integrity": "sha512-Nc3IT5yHzflTfbjgqWcCPpo7DaKy4FnpB0l/zCAW0Tc7jxAiuqSxHasntB3D7887LSrA93kDJ9IXovxJYxyLCA==",
      "license": "MIT",
      "engines": {
        "node": ">=4"
      }
    },
    "node_modules/protobufjs": {
      "version": "8.8.0",
      "resolved": "https://registry.npmjs.org/protobufjs/-/protobufjs-8.8.0.tgz",
      "integrity": "sha512-N3xhQ5yyBx3vQq4gubBfASzYhJGNzeDbjqBpu61g7UVylsN/qyffU96TKWD3GbbLOKF82VGNRNvv1+BFgE31Eg==",
      "license": "BSD-3-Clause",
      "dependencies": {
        "long": "^5.3.2"
      },
      "engines": {
        "node": ">=12.0.0"
      }
    },
    "node_modules/require-from-string": {
      "version": "2.0.2",
      "resolved": "https://registry.npmjs.org/require-from-string/-/require-from-string-2.0.2.tgz",
      "integrity": "sha512-Xf0nWe6RseziFMu+Ap9biiUbmplq6S9/p+7w7YXP/JBHhrUDDUhwa+vANyubuqfZWTveU//DYVGsDG7RKL/vEw==",
      "license": "MIT",
      "engines": {
        "node": ">=0.10.0"
      }
    },
    "node_modules/semver": {
      "version": "7.8.5",
      "resolved": "https://registry.npmjs.org/semver/-/semver-7.8.5.tgz",
      "integrity": "sha512-Y7/KDsb8LjooZpwaqGyulO6DQlksgCncchHGk+sZIY4SBvUocMBEFH5Ur1fI4dV+Jvl0w6cjvucaIi40puRioA==",
      "dev": true,
      "license": "ISC",
      "bin": {
        "semver": "bin/semver.js"
      },
      "engines": {
        "node": ">=10"
      }
    },
    "node_modules/sort-keys": {
      "version": "6.0.1",
      "resolved": "https://registry.npmjs.org/sort-keys/-/sort-keys-6.0.1.tgz",
      "integrity": "sha512-w7xWRu8U9MneKNna8ptG194jp9PLtbd/Rl6gwrmbK4yUeKbE66a64rHgl0iKTBBDr/hpanx7zMGP1Qo8MRkc/w==",
      "dev": true,
      "license": "MIT",
      "dependencies": {
        "is-plain-obj": "^4.1.0"
      },
      "engines": {
        "node": ">=20"
      },
      "funding": {
        "url": "https://github.com/sponsors/sindresorhus"
      }
    },
    "node_modules/tagged-tag": {
      "version": "1.0.0",
      "resolved": "https://registry.npmjs.org/tagged-tag/-/tagged-tag-1.0.0.tgz",
      "integrity": "sha512-yEFYrVhod+hdNyx7g5Bnkkb0G6si8HJurOoOEgC8B/O0uXLHlaey/65KRv6cuWBNhBgHKAROVpc7QyYqE5gFng==",
      "dev": true,
      "license": "MIT",
      "engines": {
        "node": ">=20"
      },
      "funding": {
        "url": "https://github.com/sponsors/sindresorhus"
      }
    },
    "node_modules/ts-algebra": {
      "version": "1.2.2",
      "resolved": "https://registry.npmjs.org/ts-algebra/-/ts-algebra-1.2.2.tgz",
      "integrity": "sha512-kloPhf1hq3JbCPOTYoOWDKxebWjNb2o/LKnNfkWhxVVisFFmMJPPdJeGoGmM+iRLyoXAR61e08Pb+vUXINg8aA==",
      "license": "MIT"
    },
    "node_modules/type-fest": {
      "version": "5.10.0",
      "resolved": "https://registry.npmjs.org/type-fest/-/type-fest-5.10.0.tgz",
      "integrity": "sha512-NoSdpq/WEiAg5sjmBkmV/hfxv6HJH4NqPNrqjtSO5CwRmpsDfaf4begxW34KdJykH/l1yHtwBWQkCRdoXO8mPA==",
      "dev": true,
      "license": "(MIT OR CC0-1.0)",
      "dependencies": {
        "tagged-tag": "^1.0.0"
      },
      "engines": {
        "node": ">=20"
      },
      "funding": {
        "url": "https://github.com/sponsors/sindresorhus"
      }
    },
    "node_modules/typescript": {
      "version": "5.9.3",
      "resolved": "https://registry.npmjs.org/typescript/-/typescript-5.9.3.tgz",
      "integrity": "sha512-jl1vZzPDinLr9eUt3J/t7V6FgNEw9QjvBPdysz9KfQDD41fQrC2Y4vKQdiaUpFT4bXlb1RHhLpp8wtm6M5TgSw==",
      "dev": true,
      "license": "Apache-2.0",
      "bin": {
        "tsc": "bin/tsc",
        "tsserver": "bin/tsserver"
      },
      "engines": {
        "node": ">=14.17"
      }
    },
    "node_modules/undici": {
      "version": "8.10.1",
      "resolved": "https://registry.npmjs.org/undici/-/undici-8.10.1.tgz",
      "integrity": "sha512-YQ3WlbqjYMmNpdvDH64jAgLjxuAR9+649calDWhbshYaeQGO2bR4nI94ORJmwI3J9YhoKQnpyGOK+0zlWS5N5Q==",
      "license": "MIT",
      "engines": {
        "node": ">=22.19.0"
      }
    },
    "node_modules/undici-types": {
      "version": "8.3.0",
      "resolved": "https://registry.npmjs.org/undici-types/-/undici-types-8.3.0.tgz",
      "integrity": "sha512-j375ScV60dom+YkPFIfTLcOiPxkN/buHz5GobjLhixFuANaNs3C9l4GmrWqejgXWJ7BbJcFYpTEUkS1Ge8bpZQ==",
      "dev": true,
      "license": "MIT"
    },
    "node_modules/yaml": {
      "version": "2.9.0",
      "resolved": "https://registry.npmjs.org/yaml/-/yaml-2.9.0.tgz",
      "integrity": "sha512-2AvhNX3mb8zd6Zy7INTtSpl1F15HW6Wnqj0srWlkKLcpYl/gMIMJiyuGq2KeI2YFxUPjdlB+3Lc10seMLtL4cA==",
      "license": "ISC",
      "bin": {
        "yaml": "bin.mjs"
      },
      "engines": {
        "node": ">= 14.6"
      },
      "funding": {
        "url": "https://github.com/sponsors/eemeli"
      }
    },
    "node_modules/yaml-ast-parser": {
      "version": "0.0.43",
      "resolved": "https://registry.npmjs.org/yaml-ast-parser/-/yaml-ast-parser-0.0.43.tgz",
      "integrity": "sha512-2PTINUwsRqSd+s8XxKaJWQlUuEMHJQyEuh2edBbW8KNJz0SJPwUSD2zRWqezFEdN7IzAgeuYHFUCF7o8zRdZ0A==",
      "license": "Apache-2.0"
    },
    "node_modules/yerror": {
      "version": "11.0.0",
      "resolved": "https://registry.npmjs.org/yerror/-/yerror-11.0.0.tgz",
      "integrity": "sha512-ZarH0yAHBjfiRJMC2eL8Fhv/l5GqnS2c1wo5V6vH7k4ehfHcKd6R1ahcyBZYORMH1cqPmOT1dANkoRjR2/pzrw==",
      "dev": true,
      "license": "MIT",
      "engines": {
        "node": ">=24.14.0"
      },
      "funding": {
        "type": "individual",
        "url": "https://github.com/sponsors/nfroidure"
      }
    },
    "packages/arazzo": {
      "name": "@px-petals/api.arazzo",
      "dependencies": {
        "@px-petals/api.utils": "*"
      },
      "bin": {
        "arazzo": "bin/cmd.js"
      }
    },
    "packages/asyncapi": {
      "name": "@px-petals/api.asyncapi",
      "dependencies": {
        "@px-petals/api.utils": "*"
      },
      "bin": {
        "asyncapi": "bin/cmd.js"
      }
    },
    "packages/graphql": {
      "name": "@px-petals/api.graphql",
      "dependencies": {
        "@px-petals/api.utils": "*",
        "commander": "^15.0.0",
        "graphql": "^17.0.2"
      },
      "bin": {
        "graphql": "bin/cmd.js"
      }
    },
    "packages/mcp": {
      "name": "@px-petals/api.mcp",
      "dependencies": {
        "@px-petals/api.utils": "*"
      },
      "bin": {
        "mcp": "bin/cmd.js"
      }
    },
    "packages/openapi": {
      "name": "@px-petals/api.openapi",
      "dependencies": {
        "@px-petals/api.utils": "*"
      },
      "bin": {
        "openapi": "bin/cmd.js"
      }
    },
    "packages/protobuf": {
      "name": "@px-petals/api.protobuf",
      "dependencies": {
        "@px-petals/api.utils": "*",
        "commander": "^15.0.0",
        "protobufjs": "^8.8.0"
      },
      "bin": {
        "protobuf": "bin/cmd.js"
      }
    },
    "packages/typeapi": {
      "name": "@px-petals/api.typeapi",
      "dependencies": {
        "@px-petals/api.utils": "*",
        "commander": "^15.0.0"
      },
      "bin": {
        "typeapi": "bin/cmd.js"
      }
    },
    "utils": {
      "name": "@px-petals/api.utils",
      "dependencies": {
        "@apidevtools/json-schema-ref-parser": "^16.0.1",
        "@redocly/openapi-core": "^2.51.1",
        "commander": "^15.0.0",
        "yaml": "^2.8.1"
      }
    }
  }
}
